
Microsoft Visual Studio Solution File, Format Version 12.00
# Visual Studio Version 17
VisualStudioVersion = 17.7.34221.43
MinimumVisualStudioVersion = 10.0.40219.1
Project("{FAE04EC0-301F-11D3-BF4B-00C04F79EFBC}") = "GeoWall-E", "GeoWall-E\GeoWall-E.csproj", "{5CABA6E3-2AB5-4CD1-BF00-107844E4B473}"
EndProject
Global
	GlobalSection(SolutionConfigurationPlatforms) = preSolution
		Debug|Any CPU = Debug|Any CPU
		Release|Any CPU = Release|Any CPU
	EndGlobalSection
	GlobalSection(ProjectConfigurationPlatforms) = postSolution
		{5CABA6E3-2AB5-4CD1-BF00-107844E4B473}.Debug|Any CPU.ActiveCfg = Debug|Any CPU
		{5CABA6E3-2AB5-4CD1-BF00-107844E4B473}.Debug|Any CPU.Build.0 = Debug|Any CPU
		{5CABA6E3-2AB5-4CD1-BF00-107844E4B473}.Release|Any CPU.ActiveCfg = Release|Any CPU
		{5CABA6E3-2AB5-4CD1-BF00-107844E4B473}.Release|Any CPU.Build.0 = Release|Any CPU
	EndGlobalSection
	GlobalSection(SolutionProperties) = preSolution
		HideSolutionNode = FALSE
	EndGlobalSection
	GlobalSection(ExtensibilityGlobals) = postSolution
		SolutionGuid = {FECF3D18-AEB9-415E-8E88-E8FF32BF2A1F}
	EndGlobalSection
EndGlobal
