
Microsoft Visual Studio Solution File, Format Version 12.00
# Visual Studio Version 17
VisualStudioVersion = 17.5.002.0
MinimumVisualStudioVersion = 10.0.40219.1
Project("{9A19103F-16F7-4668-BE54-9A1E7A4F7556}") = "GeoWall-E", "GeoWall-E.csproj", "{9BB834B1-9599-439F-96BE-D20A07137C75}"
EndProject
Global
	GlobalSection(SolutionConfigurationPlatforms) = preSolution
		Debug|Any CPU = Debug|Any CPU
		Release|Any CPU = Release|Any CPU
	EndGlobalSection
	GlobalSection(ProjectConfigurationPlatforms) = postSolution
		{9BB834B1-9599-439F-96BE-D20A07137C75}.Debug|Any CPU.ActiveCfg = Debug|Any CPU
		{9BB834B1-9599-439F-96BE-D20A07137C75}.Debug|Any CPU.Build.0 = Debug|Any CPU
		{9BB834B1-9599-439F-96BE-D20A07137C75}.Release|Any CPU.ActiveCfg = Release|Any CPU
		{9BB834B1-9599-439F-96BE-D20A07137C75}.Release|Any CPU.Build.0 = Release|Any CPU
	EndGlobalSection
	GlobalSection(SolutionProperties) = preSolution
		HideSolutionNode = FALSE
	EndGlobalSection
	GlobalSection(ExtensibilityGlobals) = postSolution
		SolutionGuid = {39B8FA32-21EA-496F-8BF2-C2A0B295750E}
	EndGlobalSection
EndGlobal
